# This file is automatically @generated by Cargo.
# It is not intended for manual editing.
version = 3

[[package]]
name = "base64"
version = "0.12.3"
source = "registry+https://github.com/rust-lang/crates.io-index"
checksum = "3441f0f7b02788e948e47f457ca01f1d7e6d92c693bc132c22b087d3141c03ff"

[[package]]
name = "blake2b-rs"
version = "0.1.5"
source = "registry+https://github.com/rust-lang/crates.io-index"
checksum = "6e35e362830ef90ecea16f09b21b75d22d33a8562a679c74ab4f4fa49b4fcb87"
dependencies = [
 "cc",
]

[[package]]
name = "blake2b-rs"
version = "0.2.0"
source = "registry+https://github.com/rust-lang/crates.io-index"
checksum = "a89a8565807f21b913288968e391819e7f9b2f0f46c7b89549c051cccf3a2771"
dependencies = [
 "cc",
 "cty",
]

[[package]]
name = "block-buffer"
version = "0.9.0"
source = "registry+https://github.com/rust-lang/crates.io-index"
checksum = "4152116fd6e9dadb291ae18fc1ec3575ed6d84c29642d97890f4b4a3417297e4"
dependencies = [
 "generic-array",
]

[[package]]
name = "buddy-alloc"
version = "0.4.1"
source = "registry+https://github.com/rust-lang/crates.io-index"
checksum = "8ff9f338986406db85e2b5deb40a9255b796ca03a194c7457403d215173f3fd5"

[[package]]
name = "cc"
version = "1.0.70"
source = "registry+https://github.com/rust-lang/crates.io-index"
checksum = "d26a6ce4b6a484fa3edb70f7efa6fc430fd2b87285fe8b84304fd0936faa0dc0"

[[package]]
name = "cfg-if"
version = "0.1.10"
source = "registry+https://github.com/rust-lang/crates.io-index"
checksum = "4785bdd1c96b2a846b2bd7cc02e86b6b3dbf14e7e53446c4f54c92a361040822"

[[package]]
name = "cfg-if"
version = "1.0.0"
source = "registry+https://github.com/rust-lang/crates.io-index"
checksum = "baf1de4339761588bc0619e3cbc0120ee582ebb74b53b4efbf79117bd2da40fd"

[[package]]
name = "ckb-lib-rsa"
version = "0.1.0"
dependencies = [
 "blake2b-rs 0.1.5",
 "ckb-std",
 "email-rs",
 "sha2",
]

[[package]]
name = "ckb-lib-secp256k1"
version = "0.1.0"
dependencies = [
 "blake2b-rs 0.1.5",
 "ckb-std",
]

[[package]]
name = "ckb-lib-smt"
version = "0.1.0"
dependencies = [
 "blake2b-rs 0.2.0",
 "cc",
 "ckb-std",
]

[[package]]
name = "ckb-standalone-types"
version = "0.0.1-pre.1"
source = "registry+https://github.com/rust-lang/crates.io-index"
checksum = "af2cdbdf65ee5b1da71504f5a03d6984bce77d0b4b46daff63f4ba4a3b0eef08"
dependencies = [
 "cfg-if 0.1.10",
 "molecule",
]

[[package]]
name = "ckb-std"
version = "0.7.4"
source = "registry+https://github.com/rust-lang/crates.io-index"
checksum = "5247e68ff32c17714105e2460db6113fb99efde8c830bbdd99f8bf715100dd64"
dependencies = [
 "buddy-alloc",
 "cc",
 "ckb-standalone-types",
]

[[package]]
name = "cpufeatures"
version = "0.2.1"
source = "registry+https://github.com/rust-lang/crates.io-index"
checksum = "95059428f66df56b63431fdb4e1947ed2190586af5c5a8a8b71122bdf5a7f469"
dependencies = [
 "libc",
]

[[package]]
name = "cty"
version = "0.2.1"
source = "registry+https://github.com/rust-lang/crates.io-index"
checksum = "7313c0d620d0cb4dbd9d019e461a4beb501071ff46ec0ab933efb4daa76d73e3"

[[package]]
name = "digest"
version = "0.9.0"
source = "registry+https://github.com/rust-lang/crates.io-index"
checksum = "d3dd60d1080a57a05ab032377049e0591415d2b31afd7028356dbf3cc6dcb066"
dependencies = [
 "generic-array",
]

[[package]]
name = "email-rs"
version = "0.1.0"
source = "git+https://github.com/sking789/email-rs.git#d2ae69b07b81ab2fd248272c7e4e5612efa26343"
dependencies = [
 "base64",
]

[[package]]
name = "generic-array"
version = "0.14.4"
source = "registry+https://github.com/rust-lang/crates.io-index"
checksum = "501466ecc8a30d1d3b7fc9229b122b2ce8ed6e9d9223f1138d4babb253e51817"
dependencies = [
 "typenum",
 "version_check",
]

[[package]]
name = "libc"
version = "0.2.101"
source = "registry+https://github.com/rust-lang/crates.io-index"
checksum = "3cb00336871be5ed2c8ed44b60ae9959dc5b9f08539422ed43f09e34ecaeba21"

[[package]]
name = "molecule"
version = "0.6.1"
source = "registry+https://github.com/rust-lang/crates.io-index"
checksum = "3067ceba3d7f5dcc7427cfc584fc506e756f1161151032fec840455f5a3c2fd5"
dependencies = [
 "cfg-if 0.1.10",
]

[[package]]
name = "opaque-debug"
version = "0.3.0"
source = "registry+https://github.com/rust-lang/crates.io-index"
checksum = "624a8340c38c1b80fd549087862da4ba43e08858af025b236e509b6649fc13d5"

[[package]]
name = "sha2"
version = "0.9.8"
source = "registry+https://github.com/rust-lang/crates.io-index"
checksum = "b69f9a4c9740d74c5baa3fd2e547f9525fa8088a8a958e0ca2409a514e33f5fa"
dependencies = [
 "block-buffer",
 "cfg-if 1.0.0",
 "cpufeatures",
 "digest",
 "opaque-debug",
]

[[package]]
name = "typenum"
version = "1.14.0"
source = "registry+https://github.com/rust-lang/crates.io-index"
checksum = "b63708a265f51345575b27fe43f9500ad611579e764c79edbc2037b1121959ec"

[[package]]
name = "version_check"
version = "0.9.3"
source = "registry+https://github.com/rust-lang/crates.io-index"
checksum = "5fecdca9a5291cc2b8dcf7dc02453fee791a280f3743cb0905f8822ae463b3fe"
